
Microsoft Visual Studio Solution File, Format Version 12.00
# Visual Studio Version 17
VisualStudioVersion = 17.4.33110.190
MinimumVisualStudioVersion = 10.0.40219.1
Project("{9A19103F-16F7-4668-BE54-9A1E7A4F7556}") = "NorthWindAPI101", "NorthWindAPI101\NorthWindAPI101.csproj", "{D98666A5-40BF-4E02-B292-1EB776D47150}"
EndProject
Project("{FAE04EC0-301F-11D3-BF4B-00C04F79EFBC}") = "NorthwindAPITests", "CustomerControllerTests\NorthwindAPITests.csproj", "{AFC41F37-0E6D-49C8-BDD9-BBB9ABFA7D74}"
EndProject
Global
	GlobalSection(SolutionConfigurationPlatforms) = preSolution
		Debug|Any CPU = Debug|Any CPU
		Release|Any CPU = Release|Any CPU
	EndGlobalSection
	GlobalSection(ProjectConfigurationPlatforms) = postSolution
		{D98666A5-40BF-4E02-B292-1EB776D47150}.Debug|Any CPU.ActiveCfg = Debug|Any CPU
		{D98666A5-40BF-4E02-B292-1EB776D47150}.Debug|Any CPU.Build.0 = Debug|Any CPU
		{D98666A5-40BF-4E02-B292-1EB776D47150}.Release|Any CPU.ActiveCfg = Release|Any CPU
		{D98666A5-40BF-4E02-B292-1EB776D47150}.Release|Any CPU.Build.0 = Release|Any CPU
		{AFC41F37-0E6D-49C8-BDD9-BBB9ABFA7D74}.Debug|Any CPU.ActiveCfg = Debug|Any CPU
		{AFC41F37-0E6D-49C8-BDD9-BBB9ABFA7D74}.Debug|Any CPU.Build.0 = Debug|Any CPU
		{AFC41F37-0E6D-49C8-BDD9-BBB9ABFA7D74}.Release|Any CPU.ActiveCfg = Release|Any CPU
		{AFC41F37-0E6D-49C8-BDD9-BBB9ABFA7D74}.Release|Any CPU.Build.0 = Release|Any CPU
	EndGlobalSection
	GlobalSection(SolutionProperties) = preSolution
		HideSolutionNode = FALSE
	EndGlobalSection
	GlobalSection(ExtensibilityGlobals) = postSolution
		SolutionGuid = {67D5B38E-88C2-4196-AE63-AEEE70FD80EE}
	EndGlobalSection
EndGlobal
